
Microsoft Visual Studio Solution File, Format Version 12.00
# Visual Studio Version 16
VisualStudioVersion = 16.0.29215.179
MinimumVisualStudioVersion = 10.0.40219.1
Project("{9A19103F-16F7-4668-BE54-9A1E7A4F7556}") = "Audio Code Testbed", "Audio Code Testbed\Audio Code Testbed.csproj", "{9416FF0D-891D-449B-90C8-486F0F3B781A}"
EndProject
Global
	GlobalSection(SolutionConfigurationPlatforms) = preSolution
		Debug|Any CPU = Debug|Any CPU
		Release|Any CPU = Release|Any CPU
	EndGlobalSection
	GlobalSection(ProjectConfigurationPlatforms) = postSolution
		{9416FF0D-891D-449B-90C8-486F0F3B781A}.Debug|Any CPU.ActiveCfg = Debug|Any CPU
		{9416FF0D-891D-449B-90C8-486F0F3B781A}.Debug|Any CPU.Build.0 = Debug|Any CPU
		{9416FF0D-891D-449B-90C8-486F0F3B781A}.Release|Any CPU.ActiveCfg = Release|Any CPU
		{9416FF0D-891D-449B-90C8-486F0F3B781A}.Release|Any CPU.Build.0 = Release|Any CPU
	EndGlobalSection
	GlobalSection(SolutionProperties) = preSolution
		HideSolutionNode = FALSE
	EndGlobalSection
	GlobalSection(ExtensibilityGlobals) = postSolution
		SolutionGuid = {EC6E7CB1-DFC7-476C-A0DB-CD3224DFAD1A}
	EndGlobalSection
EndGlobal
